
Microsoft Visual Studio Solution File, Format Version 12.00
# Visual Studio Version 16
VisualStudioVersion = 16.0.809.6
MinimumVisualStudioVersion = 10.0.40219.1
Project("{FAE04EC0-301F-11D3-BF4B-00C04F79EFBC}") = "dontRepeat", "dontRepeat\dontRepeat.csproj", "{BADDB793-003A-48E7-A6A1-761D8634EE45}"
EndProject
Global
	GlobalSection(SolutionConfigurationPlatforms) = preSolution
		Debug|Any CPU = Debug|Any CPU
		Release|Any CPU = Release|Any CPU
	EndGlobalSection
	GlobalSection(ProjectConfigurationPlatforms) = postSolution
		{BADDB793-003A-48E7-A6A1-761D8634EE45}.Debug|Any CPU.ActiveCfg = Debug|Any CPU
		{BADDB793-003A-48E7-A6A1-761D8634EE45}.Debug|Any CPU.Build.0 = Debug|Any CPU
		{BADDB793-003A-48E7-A6A1-761D8634EE45}.Release|Any CPU.ActiveCfg = Release|Any CPU
		{BADDB793-003A-48E7-A6A1-761D8634EE45}.Release|Any CPU.Build.0 = Release|Any CPU
	EndGlobalSection
	GlobalSection(SolutionProperties) = preSolution
		HideSolutionNode = FALSE
	EndGlobalSection
	GlobalSection(ExtensibilityGlobals) = postSolution
		SolutionGuid = {4F8C1B12-EDEF-420A-8220-73D4323CE12C}
	EndGlobalSection
EndGlobal
